// !$*UTF8*$!
{
	archiveVersion = 1;
	classes = {
	};
	objectVersion = 46;
	objects = {

/* Begin PBXBuildFile section */
		DC302EFDBAAB49D5828E80F4 /* Pods_Wine_Cellar.framework in Frameworks */ = {isa = PBXBuildFile; fileRef = 1F31D7CB317192C6AD64CB15 /* Pods_Wine_Cellar.framework */; };
		F86FCF341E814D9D00D99190 /* AppDelegate.swift in Sources */ = {isa = PBXBuildFile; fileRef = F86FCF331E814D9D00D99190 /* AppDelegate.swift */; };
		F86FCF391E814D9D00D99190 /* Main.storyboard in Resources */ = {isa = PBXBuildFile; fileRef = F86FCF371E814D9D00D99190 /* Main.storyboard */; };
		F86FCF3B1E814D9D00D99190 /* Assets.xcassets in Resources */ = {isa = PBXBuildFile; fileRef = F86FCF3A1E814D9D00D99190 /* Assets.xcassets */; };
		F86FCF3E1E814D9D00D99190 /* LaunchScreen.storyboard in Resources */ = {isa = PBXBuildFile; fileRef = F86FCF3C1E814D9D00D99190 /* LaunchScreen.storyboard */; };
		F86FCF471E814EE200D99190 /* GoogleService-Info.plist in Resources */ = {isa = PBXBuildFile; fileRef = F86FCF461E814EE200D99190 /* GoogleService-Info.plist */; };
		F86FCF491E8153B500D99190 /* LoginViewController.swift in Sources */ = {isa = PBXBuildFile; fileRef = F86FCF481E8153B500D99190 /* LoginViewController.swift */; };
		F87ABD721E81B8D300A66D54 /* HomeViewController.swift in Sources */ = {isa = PBXBuildFile; fileRef = F87ABD711E81B8D300A66D54 /* HomeViewController.swift */; };
		F87ABD741E81BD2A00A66D54 /* SearchTableViewController.swift in Sources */ = {isa = PBXBuildFile; fileRef = F87ABD731E81BD2A00A66D54 /* SearchTableViewController.swift */; };
		F87ABD761E81BFC300A66D54 /* CellarTableViewController.swift in Sources */ = {isa = PBXBuildFile; fileRef = F87ABD751E81BFC300A66D54 /* CellarTableViewController.swift */; };
		F87ABD781E81C9DF00A66D54 /* SearchViewCellTableViewCell.swift in Sources */ = {isa = PBXBuildFile; fileRef = F87ABD771E81C9DF00A66D54 /* SearchViewCellTableViewCell.swift */; };
/* End PBXBuildFile section */

/* Begin PBXFileReference section */
		1F31D7CB317192C6AD64CB15 /* Pods_Wine_Cellar.framework */ = {isa = PBXFileReference; explicitFileType = wrapper.framework; includeInIndex = 0; path = Pods_Wine_Cellar.framework; sourceTree = BUILT_PRODUCTS_DIR; };
		81A0B4A162AC3BF0ABFCCFA0 /* Pods-Wine Cellar.debug.xcconfig */ = {isa = PBXFileReference; includeInIndex = 1; lastKnownFileType = text.xcconfig; name = "Pods-Wine Cellar.debug.xcconfig"; path = "Pods/Target Support Files/Pods-Wine Cellar/Pods-Wine Cellar.debug.xcconfig"; sourceTree = "<group>"; };
		A0808DE6444325755882EBEF /* Pods-Wine Cellar.release.xcconfig */ = {isa = PBXFileReference; includeInIndex = 1; lastKnownFileType = text.xcconfig; name = "Pods-Wine Cellar.release.xcconfig"; path = "Pods/Target Support Files/Pods-Wine Cellar/Pods-Wine Cellar.release.xcconfig"; sourceTree = "<group>"; };
		F86FCF301E814D9D00D99190 /* Wine Cellar.app */ = {isa = PBXFileReference; explicitFileType = wrapper.application; includeInIndex = 0; path = "Wine Cellar.app"; sourceTree = BUILT_PRODUCTS_DIR; };
		F86FCF331E814D9D00D99190 /* AppDelegate.swift */ = {isa = PBXFileReference; lastKnownFileType = sourcecode.swift; path = AppDelegate.swift; sourceTree = "<group>"; };
		F86FCF381E814D9D00D99190 /* Base */ = {isa = PBXFileReference; lastKnownFileType = file.storyboard; name = Base; path = Base.lproj/Main.storyboard; sourceTree = "<group>"; };
		F86FCF3A1E814D9D00D99190 /* Assets.xcassets */ = {isa = PBXFileReference; lastKnownFileType = folder.assetcatalog; path = Assets.xcassets; sourceTree = "<group>"; };
		F86FCF3D1E814D9D00D99190 /* Base */ = {isa = PBXFileReference; lastKnownFileType = file.storyboard; name = Base; path = Base.lproj/LaunchScreen.storyboard; sourceTree = "<group>"; };
		F86FCF3F1E814D9D00D99190 /* Info.plist */ = {isa = PBXFileReference; lastKnownFileType = text.plist.xml; path = Info.plist; sourceTree = "<group>"; };
		F86FCF461E814EE200D99190 /* GoogleService-Info.plist */ = {isa = PBXFileReference; fileEncoding = 4; lastKnownFileType = text.plist.xml; path = "GoogleService-Info.plist"; sourceTree = "<group>"; };
		F86FCF481E8153B500D99190 /* LoginViewController.swift */ = {isa = PBXFileReference; fileEncoding = 4; lastKnownFileType = sourcecode.swift; path = LoginViewController.swift; sourceTree = "<group>"; };
		F87ABD711E81B8D300A66D54 /* HomeViewController.swift */ = {isa = PBXFileReference; fileEncoding = 4; lastKnownFileType = sourcecode.swift; path = HomeViewController.swift; sourceTree = "<group>"; };
		F87ABD731E81BD2A00A66D54 /* SearchTableViewController.swift */ = {isa = PBXFileReference; fileEncoding = 4; lastKnownFileType = sourcecode.swift; path = SearchTableViewController.swift; sourceTree = "<group>"; };
		F87ABD751E81BFC300A66D54 /* CellarTableViewController.swift */ = {isa = PBXFileReference; fileEncoding = 4; lastKnownFileType = sourcecode.swift; path = CellarTableViewController.swift; sourceTree = "<group>"; };
		F87ABD771E81C9DF00A66D54 /* SearchViewCellTableViewCell.swift */ = {isa = PBXFileReference; fileEncoding = 4; lastKnownFileType = sourcecode.swift; path = SearchViewCellTableViewCell.swift; sourceTree = "<group>"; };
/* End PBXFileReference section */

/* Begin PBXFrameworksBuildPhase section */
		F86FCF2D1E814D9D00D99190 /* Frameworks */ = {
			isa = PBXFrameworksBuildPhase;
			buildActionMask = 2147483647;
			files = (
				DC302EFDBAAB49D5828E80F4 /* Pods_Wine_Cellar.framework in Frameworks */,
			);
			runOnlyForDeploymentPostprocessing = 0;
		};
/* End PBXFrameworksBuildPhase section */

/* Begin PBXGroup section */
		904124B148DB26441593A16D /* Frameworks */ = {
			isa = PBXGroup;
			children = (
				1F31D7CB317192C6AD64CB15 /* Pods_Wine_Cellar.framework */,
			);
			name = Frameworks;
			sourceTree = "<group>";
		};
		B124E4B0862EAE29C3BD1D3E /* Pods */ = {
			isa = PBXGroup;
			children = (
				81A0B4A162AC3BF0ABFCCFA0 /* Pods-Wine Cellar.debug.xcconfig */,
				A0808DE6444325755882EBEF /* Pods-Wine Cellar.release.xcconfig */,
			);
			name = Pods;
			sourceTree = "<group>";
		};
		F86FCF271E814D9D00D99190 = {
			isa = PBXGroup;
			children = (
				F86FCF321E814D9D00D99190 /* Wine Cellar */,
				F86FCF311E814D9D00D99190 /* Products */,
				B124E4B0862EAE29C3BD1D3E /* Pods */,
				904124B148DB26441593A16D /* Frameworks */,
			);
			sourceTree = "<group>";
		};
		F86FCF311E814D9D00D99190 /* Products */ = {
			isa = PBXGroup;
			children = (
				F86FCF301E814D9D00D99190 /* Wine Cellar.app */,
			);
			name = Products;
			sourceTree = "<group>";
		};
		F86FCF321E814D9D00D99190 /* Wine Cellar */ = {
			isa = PBXGroup;
			children = (
				F86FCF331E814D9D00D99190 /* AppDelegate.swift */,
				F86FCF371E814D9D00D99190 /* Main.storyboard */,
				F86FCF3A1E814D9D00D99190 /* Assets.xcassets */,
				F86FCF3C1E814D9D00D99190 /* LaunchScreen.storyboard */,
				F86FCF461E814EE200D99190 /* GoogleService-Info.plist */,
				F86FCF3F1E814D9D00D99190 /* Info.plist */,
				F86FCF481E8153B500D99190 /* LoginViewController.swift */,
				F87ABD711E81B8D300A66D54 /* HomeViewController.swift */,
				F87ABD731E81BD2A00A66D54 /* SearchTableViewController.swift */,
				F87ABD751E81BFC300A66D54 /* CellarTableViewController.swift */,
				F87ABD771E81C9DF00A66D54 /* SearchViewCellTableViewCell.swift */,
			);
			path = "Wine Cellar";
			sourceTree = "<group>";
		};
/* End PBXGroup section */

/* Begin PBXNativeTarget section */
		F86FCF2F1E814D9D00D99190 /* Wine Cellar */ = {
			isa = PBXNativeTarget;
			buildConfigurationList = F86FCF421E814D9D00D99190 /* Build configuration list for PBXNativeTarget "Wine Cellar" */;
			buildPhases = (
				A3D079E6823766D917F4C6D9 /* [CP] Check Pods Manifest.lock */,
				F86FCF2C1E814D9D00D99190 /* Sources */,
				F86FCF2D1E814D9D00D99190 /* Frameworks */,
				F86FCF2E1E814D9D00D99190 /* Resources */,
				F1B1CB25CEAEF1A0F158ECE3 /* [CP] Embed Pods Frameworks */,
				FF3C10A558FB322C83CB6823 /* [CP] Copy Pods Resources */,
			);
			buildRules = (
			);
			dependencies = (
			);
			name = "Wine Cellar";
			productName = "Wine Cellar";
			productReference = F86FCF301E814D9D00D99190 /* Wine Cellar.app */;
			productType = "com.apple.product-type.application";
		};
/* End PBXNativeTarget section */

/* Begin PBXProject section */
		F86FCF281E814D9D00D99190 /* Project object */ = {
			isa = PBXProject;
			attributes = {
				LastSwiftUpdateCheck = 0820;
				LastUpgradeCheck = 0820;
				ORGANIZATIONNAME = "Stefan Pel";
				TargetAttributes = {
					F86FCF2F1E814D9D00D99190 = {
						CreatedOnToolsVersion = 8.2.1;
						DevelopmentTeam = 3CH6468FQ7;
						ProvisioningStyle = Automatic;
					};
				};
			};
			buildConfigurationList = F86FCF2B1E814D9D00D99190 /* Build configuration list for PBXProject "Wine Cellar" */;
			compatibilityVersion = "Xcode 3.2";
			developmentRegion = English;
			hasScannedForEncodings = 0;
			knownRegions = (
				en,
				Base,
			);
			mainGroup = F86FCF271E814D9D00D99190;
			productRefGroup = F86FCF311E814D9D00D99190 /* Products */;
			projectDirPath = "";
			projectRoot = "";
			targets = (
				F86FCF2F1E814D9D00D99190 /* Wine Cellar */,
			);
		};
/* End PBXProject section */

/* Begin PBXResourcesBuildPhase section */
		F86FCF2E1E814D9D00D99190 /* Resources */ = {
			isa = PBXResourcesBuildPhase;
			buildActionMask = 2147483647;
			files = (
				F86FCF3E1E814D9D00D99190 /* LaunchScreen.storyboard in Resources */,
				F86FCF471E814EE200D99190 /* GoogleService-Info.plist in Resources */,
				F86FCF3B1E814D9D00D99190 /* Assets.xcassets in Resources */,
				F86FCF391E814D9D00D99190 /* Main.storyboard in Resources */,
			);
			runOnlyForDeploymentPostprocessing = 0;
		};
/* End PBXResourcesBuildPhase section */

/* Begin PBXShellScriptBuildPhase section */
		A3D079E6823766D917F4C6D9 /* [CP] Check Pods Manifest.lock */ = {
			isa = PBXShellScriptBuildPhase;
			buildActionMask = 2147483647;
			files = (
			);
			inputPaths = (
			);
			name = "[CP] Check Pods Manifest.lock";
			outputPaths = (
			);
			runOnlyForDeploymentPostprocessing = 0;
			shellPath = /bin/sh;
			shellScript = "diff \"${PODS_ROOT}/../Podfile.lock\" \"${PODS_ROOT}/Manifest.lock\" > /dev/null\nif [ $? != 0 ] ; then\n    # print error to STDERR\n    echo \"error: The sandbox is not in sync with the Podfile.lock. Run 'pod install' or update your CocoaPods installation.\" >&2\n    exit 1\nfi\n";
			showEnvVarsInLog = 0;
		};
		F1B1CB25CEAEF1A0F158ECE3 /* [CP] Embed Pods Frameworks */ = {
			isa = PBXShellScriptBuildPhase;
			buildActionMask = 2147483647;
			files = (
			);
			inputPaths = (
			);
			name = "[CP] Embed Pods Frameworks";
			outputPaths = (
			);
			runOnlyForDeploymentPostprocessing = 0;
			shellPath = /bin/sh;
			shellScript = "\"${SRCROOT}/Pods/Target Support Files/Pods-Wine Cellar/Pods-Wine Cellar-frameworks.sh\"\n";
			showEnvVarsInLog = 0;
		};
		FF3C10A558FB322C83CB6823 /* [CP] Copy Pods Resources */ = {
			isa = PBXShellScriptBuildPhase;
			buildActionMask = 2147483647;
			files = (
			);
			inputPaths = (
			);
			name = "[CP] Copy Pods Resources";
			outputPaths = (
			);
			runOnlyForDeploymentPostprocessing = 0;
			shellPath = /bin/sh;
			shellScript = "\"${SRCROOT}/Pods/Target Support Files/Pods-Wine Cellar/Pods-Wine Cellar-resources.sh\"\n";
			showEnvVarsInLog = 0;
		};
/* End PBXShellScriptBuildPhase section */

/* Begin PBXSourcesBuildPhase section */
		F86FCF2C1E814D9D00D99190 /* Sources */ = {
			isa = PBXSourcesBuildPhase;
			buildActionMask = 2147483647;
			files = (
				F86FCF491E8153B500D99190 /* LoginViewController.swift in Sources */,
				F86FCF341E814D9D00D99190 /* AppDelegate.swift in Sources */,
				F87ABD761E81BFC300A66D54 /* CellarTableViewController.swift in Sources */,
				F87ABD721E81B8D300A66D54 /* HomeViewController.swift in Sources */,
				F87ABD781E81C9DF00A66D54 /* SearchViewCellTableViewCell.swift in Sources */,
				F87ABD741E81BD2A00A66D54 /* SearchTableViewController.swift in Sources */,
			);
			runOnlyForDeploymentPostprocessing = 0;
		};
/* End PBXSourcesBuildPhase section */

/* Begin PBXVariantGroup section */
		F86FCF371E814D9D00D99190 /* Main.storyboard */ = {
			isa = PBXVariantGroup;
			children = (
				F86FCF381E814D9D00D99190 /* Base */,
			);
			name = Main.storyboard;
			sourceTree = "<group>";
		};
		F86FCF3C1E814D9D00D99190 /* LaunchScreen.storyboard */ = {
			isa = PBXVariantGroup;
			children = (
				F86FCF3D1E814D9D00D99190 /* Base */,
			);
			name = LaunchScreen.storyboard;
			sourceTree = "<group>";
		};
/* End PBXVariantGroup section */

/* Begin XCBuildConfiguration section */
		F86FCF401E814D9D00D99190 /* Debug */ = {
			isa = XCBuildConfiguration;
			buildSettings = {
				ALWAYS_SEARCH_USER_PATHS = NO;
				CLANG_ANALYZER_NONNULL = YES;
				CLANG_CXX_LANGUAGE_STANDARD = "gnu++0x";
				CLANG_CXX_LIBRARY = "libc++";
				CLANG_ENABLE_MODULES = YES;
				CLANG_ENABLE_OBJC_ARC = YES;
				CLANG_WARN_BOOL_CONVERSION = YES;
				CLANG_WARN_CONSTANT_CONVERSION = YES;
				CLANG_WARN_DIRECT_OBJC_ISA_USAGE = YES_ERROR;
				CLANG_WARN_DOCUMENTATION_COMMENTS = YES;
				CLANG_WARN_EMPTY_BODY = YES;
				CLANG_WARN_ENUM_CONVERSION = YES;
				CLANG_WARN_INFINITE_RECURSION = YES;
				CLANG_WARN_INT_CONVERSION = YES;
				CLANG_WARN_OBJC_ROOT_CLASS = YES_ERROR;
				CLANG_WARN_SUSPICIOUS_MOVE = YES;
				CLANG_WARN_UNREACHABLE_CODE = YES;
				CLANG_WARN__DUPLICATE_METHOD_MATCH = YES;
				"CODE_SIGN_IDENTITY[sdk=iphoneos*]" = "iPhone Developer";
				COPY_PHASE_STRIP = NO;
				DEBUG_INFORMATION_FORMAT = dwarf;
				ENABLE_STRICT_OBJC_MSGSEND = YES;
				ENABLE_TESTABILITY = YES;
				GCC_C_LANGUAGE_STANDARD = gnu99;
				GCC_DYNAMIC_NO_PIC = NO;
				GCC_NO_COMMON_BLOCKS = YES;
				GCC_OPTIMIZATION_LEVEL = 0;
				GCC_PREPROCESSOR_DEFINITIONS = (
					"DEBUG=1",
					"$(inherited)",
				);
				GCC_WARN_64_TO_32_BIT_CONVERSION = YES;
				GCC_WARN_ABOUT_RETURN_TYPE = YES_ERROR;
				GCC_WARN_UNDECLARED_SELECTOR = YES;
				GCC_WARN_UNINITIALIZED_AUTOS = YES_AGGRESSIVE;
				GCC_WARN_UNUSED_FUNCTION = YES;
				GCC_WARN_UNUSED_VARIABLE = YES;
				IPHONEOS_DEPLOYMENT_TARGET = 10.2;
				MTL_ENABLE_DEBUG_INFO = YES;
				ONLY_ACTIVE_ARCH = YES;
				SDKROOT = iphoneos;
				SWIFT_ACTIVE_COMPILATION_CONDITIONS = DEBUG;
				SWIFT_OPTIMIZATION_LEVEL = "-Onone";
				TARGETED_DEVICE_FAMILY = "1,2";
			};
			name = Debug;
		};
		F86FCF411E814D9D00D99190 /* Release */ = {
			isa = XCBuildConfiguration;
			buildSettings = {
				ALWAYS_SEARCH_USER_PATHS = NO;
				CLANG_ANALYZER_NONNULL = YES;
				CLANG_CXX_LANGUAGE_STANDARD = "gnu++0x";
				CLANG_CXX_LIBRARY = "libc++";
				CLANG_ENABLE_MODULES = YES;
				CLANG_ENABLE_OBJC_ARC = YES;
				CLANG_WARN_BOOL_CONVERSION = YES;
				CLANG_WARN_CONSTANT_CONVERSION = YES;
				CLANG_WARN_DIRECT_OBJC_ISA_USAGE = YES_ERROR;
				CLANG_WARN_DOCUMENTATION_COMMENTS = YES;
				CLANG_WARN_EMPTY_BODY = YES;
				CLANG_WARN_ENUM_CONVERSION = YES;
				CLANG_WARN_INFINITE_RECURSION = YES;
				CLANG_WARN_INT_CONVERSION = YES;
				CLANG_WARN_OBJC_ROOT_CLASS = YES_ERROR;
				CLANG_WARN_SUSPICIOUS_MOVE = YES;
				CLANG_WARN_UNREACHABLE_CODE = YES;
				CLANG_WARN__DUPLICATE_METHOD_MATCH = YES;
				"CODE_SIGN_IDENTITY[sdk=iphoneos*]" = "iPhone Developer";
				COPY_PHASE_STRIP = NO;
				DEBUG_INFORMATION_FORMAT = "dwarf-with-dsym";
				ENABLE_NS_ASSERTIONS = NO;
				ENABLE_STRICT_OBJC_MSGSEND = YES;
				GCC_C_LANGUAGE_STANDARD = gnu99;
				GCC_NO_COMMON_BLOCKS = YES;
				GCC_WARN_64_TO_32_BIT_CONVERSION = YES;
				GCC_WARN_ABOUT_RETURN_TYPE = YES_ERROR;
				GCC_WARN_UNDECLARED_SELECTOR = YES;
				GCC_WARN_UNINITIALIZED_AUTOS = YES_AGGRESSIVE;
				GCC_WARN_UNUSED_FUNCTION = YES;
				GCC_WARN_UNUSED_VARIABLE = YES;
				IPHONEOS_DEPLOYMENT_TARGET = 10.2;
				MTL_ENABLE_DEBUG_INFO = NO;
				SDKROOT = iphoneos;
				SWIFT_OPTIMIZATION_LEVEL = "-Owholemodule";
				TARGETED_DEVICE_FAMILY = "1,2";
				VALIDATE_PRODUCT = YES;
			};
			name = Release;
		};
		F86FCF431E814D9D00D99190 /* Debug */ = {
			isa = XCBuildConfiguration;
			baseConfigurationReference = 81A0B4A162AC3BF0ABFCCFA0 /* Pods-Wine Cellar.debug.xcconfig */;
			buildSettings = {
				ASSETCATALOG_COMPILER_APPICON_NAME = AppIcon;
				DEVELOPMENT_TEAM = 3CH6468FQ7;
				INFOPLIST_FILE = "Wine Cellar/Info.plist";
				LD_RUNPATH_SEARCH_PATHS = "$(inherited) @executable_path/Frameworks";
				PRODUCT_BUNDLE_IDENTIFIER = "nl.mprog.Wine-Cellar";
				PRODUCT_NAME = "$(TARGET_NAME)";
				SWIFT_VERSION = 3.0;
			};
			name = Debug;
		};
		F86FCF441E814D9D00D99190 /* Release */ = {
			isa = XCBuildConfiguration;
			baseConfigurationReference = A0808DE6444325755882EBEF /* Pods-Wine Cellar.release.xcconfig */;
			buildSettings = {
				ASSETCATALOG_COMPILER_APPICON_NAME = AppIcon;
				DEVELOPMENT_TEAM = 3CH6468FQ7;
				INFOPLIST_FILE = "Wine Cellar/Info.plist";
				LD_RUNPATH_SEARCH_PATHS = "$(inherited) @executable_path/Frameworks";
				PRODUCT_BUNDLE_IDENTIFIER = "nl.mprog.Wine-Cellar";
				PRODUCT_NAME = "$(TARGET_NAME)";
				SWIFT_VERSION = 3.0;
			};
			name = Release;
		};
/* End XCBuildConfiguration section */

/* Begin XCConfigurationList section */
		F86FCF2B1E814D9D00D99190 /* Build configuration list for PBXProject "Wine Cellar" */ = {
			isa = XCConfigurationList;
			buildConfigurations = (
				F86FCF401E814D9D00D99190 /* Debug */,
				F86FCF411E814D9D00D99190 /* Release */,
			);
			defaultConfigurationIsVisible = 0;
			defaultConfigurationName = Release;
		};
		F86FCF421E814D9D00D99190 /* Build configuration list for PBXNativeTarget "Wine Cellar" */ = {
			isa = XCConfigurationList;
			buildConfigurations = (
				F86FCF431E814D9D00D99190 /* Debug */,
				F86FCF441E814D9D00D99190 /* Release */,
			);
			defaultConfigurationIsVisible = 0;
			defaultConfigurationName = Release;
		};
/* End XCConfigurationList section */
	};
	rootObject = F86FCF281E814D9D00D99190 /* Project object */;
}
